<?xml version="1.0" encoding="utf-8"?>
<Project ToolsVersion="4.0" xmlns="http://schemas.microsoft.com/developer/msbuild/2003">
  <ItemGroup>
    <Filter Include="D3D12Manager">
      <UniqueIdentifier>{199abcdf-b4e0-49f6-879c-77df93db1a3b}</UniqueIdentifier>
    </Filter>
    <Filter Include="D3D12Renderer">
      <UniqueIdentifier>{4f95deaa-b9f1-4e6e-bdeb-9629e4ccb800}</UniqueIdentifier>
    </Filter>
    <Filter Include="main">
      <UniqueIdentifier>{4FC737F1-C7A5-4376-A066-2A32D752A2FF}</UniqueIdentifier>
      <Extensions>cpp;c;cc;cxx;c++;cppm;ixx;def;odl;idl;hpj;bat;asm;asmx</Extensions>
    </Filter>
    <Filter Include="Shader">
      <UniqueIdentifier>{4f27fb36-3516-4d16-bd90-60adfb38bc31}</UniqueIdentifier>
    </Filter>
    <Filter Include="WIC">
      <UniqueIdentifier>{0e507379-16d5-4e75-91de-437df1a4c09c}</UniqueIdentifier>
    </Filter>
    <Filter Include="D3D12Renderer\Light">
      <UniqueIdentifier>{d17c45d6-6922-41c0-b411-54c183cec08a}</UniqueIdentifier>
    </Filter>
    <Filter Include="D3D12Renderer\Model">
      <UniqueIdentifier>{11423fcb-d084-438c-b494-4464f142f49e}</UniqueIdentifier>
    </Filter>
    <Filter Include="D3D12Renderer\Util">
      <UniqueIdentifier>{d05be7ef-10f7-4305-a8e5-aceab987f965}</UniqueIdentifier>
    </Filter>
  </ItemGroup>
  <ItemGroup>
    <ClCompile Include="D3D12Manager.cpp">
      <Filter>D3D12Manager</Filter>
    </ClCompile>
    <ClCompile Include="D3D12Renderer.cpp">
      <Filter>D3D12Renderer</Filter>
    </ClCompile>
    <ClCompile Include="D3DUtil.cpp">
      <Filter>D3D12Manager</Filter>
    </ClCompile>
    <ClCompile Include="main.cpp">
      <Filter>main</Filter>
    </ClCompile>
    <ClCompile Include="D3DCamera.cpp">
      <Filter>D3D12Renderer</Filter>
    </ClCompile>
    <ClCompile Include="WICImage.cpp">
      <Filter>WIC</Filter>
    </ClCompile>
    <ClCompile Include="GeometryGenerator.cpp">
      <Filter>D3D12Manager</Filter>
    </ClCompile>
    <ClCompile Include="PointLight.cpp">
      <Filter>D3D12Renderer\Light</Filter>
    </ClCompile>
    <ClCompile Include="DirectionalLight.cpp">
      <Filter>D3D12Renderer\Light</Filter>
    </ClCompile>
    <ClCompile Include="Model.cpp">
      <Filter>D3D12Renderer\Model</Filter>
    </ClCompile>
    <ClCompile Include="MathHelper.cpp">
      <Filter>D3D12Renderer\Util</Filter>
    </ClCompile>
    <ClCompile Include="GameTimer.cpp">
      <Filter>D3D12Renderer\Util</Filter>
    </ClCompile>
    <ClCompile Include="CopyResourceManager.cpp">
      <Filter>D3D12Manager</Filter>
    </ClCompile>
    <ClCompile Include="CopyTaskRingBuffer.cpp">
      <Filter>D3D12Manager</Filter>
    </ClCompile>
    <ClCompile Include="D3DEvent.cpp">
      <Filter>D3D12Manager</Filter>
    </ClCompile>
  </ItemGroup>
  <ItemGroup>
    <ClInclude Include="D3D12Manager.h">
      <Filter>D3D12Manager</Filter>
    </ClInclude>
    <ClInclude Include="D3D12Renderer.h">
      <Filter>D3D12Renderer</Filter>
    </ClInclude>
    <ClInclude Include="D3DUtil.h">
      <Filter>D3D12Manager</Filter>
    </ClInclude>
    <ClInclude Include="D3DCamera.h">
      <Filter>D3D12Renderer</Filter>
    </ClInclude>
    <ClInclude Include="WICImage.h">
      <Filter>WIC</Filter>
    </ClInclude>
    <ClInclude Include="GeometryGenerator.h">
      <Filter>D3D12Manager</Filter>
    </ClInclude>
    <ClInclude Include="PointLight.h">
      <Filter>D3D12Renderer\Light</Filter>
    </ClInclude>
    <ClInclude Include="DirectionalLight.h">
      <Filter>D3D12Renderer\Light</Filter>
    </ClInclude>
    <ClInclude Include="Model.h">
      <Filter>D3D12Renderer\Model</Filter>
    </ClInclude>
    <ClInclude Include="MathHelper.h">
      <Filter>D3D12Renderer\Util</Filter>
    </ClInclude>
    <ClInclude Include="GameTimer.h">
      <Filter>D3D12Renderer\Util</Filter>
    </ClInclude>
    <ClInclude Include="CopyResourceManager.h">
      <Filter>D3D12Manager</Filter>
    </ClInclude>
    <ClInclude Include="CopyTaskRingBuffer.h">
      <Filter>D3D12Manager</Filter>
    </ClInclude>
    <ClInclude Include="D3DEvent.h">
      <Filter>D3D12Manager</Filter>
    </ClInclude>
  </ItemGroup>
  <ItemGroup>
    <FxCompile Include="Shaders\color.hlsl">
      <Filter>Shader</Filter>
    </FxCompile>
  </ItemGroup>
  <ItemGroup>
    <None Include="Shaders\light.hlsi">
      <Filter>Shader</Filter>
    </None>
  </ItemGroup>
</Project>